
Microsoft Visual Studio Solution File, Format Version 12.00
# Visual Studio 2013
VisualStudioVersion = 12.0.21005.1
MinimumVisualStudioVersion = 10.0.40219.1
Project("{FAE04EC0-301F-11D3-BF4B-00C04F79EFBC}") = "NET40", "NET40\NET40.csproj", "{D23C9D21-82A1-40AA-9D88-0CE44CDAA0A4}"
EndProject
Project("{FAE04EC0-301F-11D3-BF4B-00C04F79EFBC}") = "NET45", "NET45\NET45.csproj", "{F53DC39D-96A2-4F71-87E3-72FBA1D5D27E}"
EndProject
Project("{FAE04EC0-301F-11D3-BF4B-00C04F79EFBC}") = "WinRT8", "WinRT8\WinRT8.csproj", "{84DEC22D-9D7A-431B-94A8-A29A8BD7805F}"
EndProject
Project("{FAE04EC0-301F-11D3-BF4B-00C04F79EFBC}") = "NET Source", "Source\NET\NET Source.csproj", "{79CFADDC-A5F3-4D3B-B014-778A1600B269}"
EndProject
Project("{FAE04EC0-301F-11D3-BF4B-00C04F79EFBC}") = "WinRT Source", "Source\WinRT\WinRT Source.csproj", "{5AD937D3-1655-400B-8C12-1AADEE45EA46}"
EndProject
Global
	GlobalSection(SolutionConfigurationPlatforms) = preSolution
		Debug|Any CPU = Debug|Any CPU
		Debug|ARM = Debug|ARM
		Debug|x64 = Debug|x64
		Debug|x86 = Debug|x86
		Release|Any CPU = Release|Any CPU
		Release|ARM = Release|ARM
		Release|x64 = Release|x64
		Release|x86 = Release|x86
	EndGlobalSection
	GlobalSection(ProjectConfigurationPlatforms) = postSolution
		{D23C9D21-82A1-40AA-9D88-0CE44CDAA0A4}.Debug|Any CPU.ActiveCfg = Debug|Any CPU
		{D23C9D21-82A1-40AA-9D88-0CE44CDAA0A4}.Debug|Any CPU.Build.0 = Debug|Any CPU
		{D23C9D21-82A1-40AA-9D88-0CE44CDAA0A4}.Debug|ARM.ActiveCfg = Debug|Any CPU
		{D23C9D21-82A1-40AA-9D88-0CE44CDAA0A4}.Debug|x64.ActiveCfg = Debug|Any CPU
		{D23C9D21-82A1-40AA-9D88-0CE44CDAA0A4}.Debug|x86.ActiveCfg = Debug|Any CPU
		{D23C9D21-82A1-40AA-9D88-0CE44CDAA0A4}.Release|Any CPU.ActiveCfg = Release|Any CPU
		{D23C9D21-82A1-40AA-9D88-0CE44CDAA0A4}.Release|Any CPU.Build.0 = Release|Any CPU
		{D23C9D21-82A1-40AA-9D88-0CE44CDAA0A4}.Release|ARM.ActiveCfg = Release|Any CPU
		{D23C9D21-82A1-40AA-9D88-0CE44CDAA0A4}.Release|x64.ActiveCfg = Release|Any CPU
		{D23C9D21-82A1-40AA-9D88-0CE44CDAA0A4}.Release|x86.ActiveCfg = Release|Any CPU
		{F53DC39D-96A2-4F71-87E3-72FBA1D5D27E}.Debug|Any CPU.ActiveCfg = Debug|Any CPU
		{F53DC39D-96A2-4F71-87E3-72FBA1D5D27E}.Debug|Any CPU.Build.0 = Debug|Any CPU
		{F53DC39D-96A2-4F71-87E3-72FBA1D5D27E}.Debug|ARM.ActiveCfg = Debug|Any CPU
		{F53DC39D-96A2-4F71-87E3-72FBA1D5D27E}.Debug|x64.ActiveCfg = Debug|Any CPU
		{F53DC39D-96A2-4F71-87E3-72FBA1D5D27E}.Debug|x86.ActiveCfg = Debug|Any CPU
		{F53DC39D-96A2-4F71-87E3-72FBA1D5D27E}.Release|Any CPU.ActiveCfg = Release|Any CPU
		{F53DC39D-96A2-4F71-87E3-72FBA1D5D27E}.Release|Any CPU.Build.0 = Release|Any CPU
		{F53DC39D-96A2-4F71-87E3-72FBA1D5D27E}.Release|ARM.ActiveCfg = Release|Any CPU
		{F53DC39D-96A2-4F71-87E3-72FBA1D5D27E}.Release|x64.ActiveCfg = Release|Any CPU
		{F53DC39D-96A2-4F71-87E3-72FBA1D5D27E}.Release|x86.ActiveCfg = Release|Any CPU
		{84DEC22D-9D7A-431B-94A8-A29A8BD7805F}.Debug|Any CPU.ActiveCfg = Debug|Any CPU
		{84DEC22D-9D7A-431B-94A8-A29A8BD7805F}.Debug|Any CPU.Build.0 = Debug|Any CPU
		{84DEC22D-9D7A-431B-94A8-A29A8BD7805F}.Debug|ARM.ActiveCfg = Debug|ARM
		{84DEC22D-9D7A-431B-94A8-A29A8BD7805F}.Debug|ARM.Build.0 = Debug|ARM
		{84DEC22D-9D7A-431B-94A8-A29A8BD7805F}.Debug|x64.ActiveCfg = Debug|x64
		{84DEC22D-9D7A-431B-94A8-A29A8BD7805F}.Debug|x64.Build.0 = Debug|x64
		{84DEC22D-9D7A-431B-94A8-A29A8BD7805F}.Debug|x86.ActiveCfg = Debug|x86
		{84DEC22D-9D7A-431B-94A8-A29A8BD7805F}.Debug|x86.Build.0 = Debug|x86
		{84DEC22D-9D7A-431B-94A8-A29A8BD7805F}.Release|Any CPU.ActiveCfg = Release|Any CPU
		{84DEC22D-9D7A-431B-94A8-A29A8BD7805F}.Release|Any CPU.Build.0 = Release|Any CPU
		{84DEC22D-9D7A-431B-94A8-A29A8BD7805F}.Release|ARM.ActiveCfg = Release|ARM
		{84DEC22D-9D7A-431B-94A8-A29A8BD7805F}.Release|ARM.Build.0 = Release|ARM
		{84DEC22D-9D7A-431B-94A8-A29A8BD7805F}.Release|x64.ActiveCfg = Release|x64
		{84DEC22D-9D7A-431B-94A8-A29A8BD7805F}.Release|x64.Build.0 = Release|x64
		{84DEC22D-9D7A-431B-94A8-A29A8BD7805F}.Release|x86.ActiveCfg = Release|x86
		{84DEC22D-9D7A-431B-94A8-A29A8BD7805F}.Release|x86.Build.0 = Release|x86
		{79CFADDC-A5F3-4D3B-B014-778A1600B269}.Debug|Any CPU.ActiveCfg = Debug|Any CPU
		{79CFADDC-A5F3-4D3B-B014-778A1600B269}.Debug|ARM.ActiveCfg = Debug|Any CPU
		{79CFADDC-A5F3-4D3B-B014-778A1600B269}.Debug|x64.ActiveCfg = Debug|Any CPU
		{79CFADDC-A5F3-4D3B-B014-778A1600B269}.Debug|x86.ActiveCfg = Debug|Any CPU
		{79CFADDC-A5F3-4D3B-B014-778A1600B269}.Release|Any CPU.ActiveCfg = Release|Any CPU
		{79CFADDC-A5F3-4D3B-B014-778A1600B269}.Release|Any CPU.Build.0 = Release|Any CPU
		{79CFADDC-A5F3-4D3B-B014-778A1600B269}.Release|ARM.ActiveCfg = Release|Any CPU
		{79CFADDC-A5F3-4D3B-B014-778A1600B269}.Release|x64.ActiveCfg = Release|Any CPU
		{79CFADDC-A5F3-4D3B-B014-778A1600B269}.Release|x86.ActiveCfg = Release|Any CPU
		{5AD937D3-1655-400B-8C12-1AADEE45EA46}.Debug|Any CPU.ActiveCfg = Debug|Any CPU
		{5AD937D3-1655-400B-8C12-1AADEE45EA46}.Debug|ARM.ActiveCfg = Debug|ARM
		{5AD937D3-1655-400B-8C12-1AADEE45EA46}.Debug|ARM.Build.0 = Debug|ARM
		{5AD937D3-1655-400B-8C12-1AADEE45EA46}.Debug|x64.ActiveCfg = Debug|x64
		{5AD937D3-1655-400B-8C12-1AADEE45EA46}.Debug|x64.Build.0 = Debug|x64
		{5AD937D3-1655-400B-8C12-1AADEE45EA46}.Debug|x86.ActiveCfg = Debug|x86
		{5AD937D3-1655-400B-8C12-1AADEE45EA46}.Debug|x86.Build.0 = Debug|x86
		{5AD937D3-1655-400B-8C12-1AADEE45EA46}.Release|Any CPU.ActiveCfg = Release|Any CPU
		{5AD937D3-1655-400B-8C12-1AADEE45EA46}.Release|Any CPU.Build.0 = Release|Any CPU
		{5AD937D3-1655-400B-8C12-1AADEE45EA46}.Release|ARM.ActiveCfg = Release|ARM
		{5AD937D3-1655-400B-8C12-1AADEE45EA46}.Release|ARM.Build.0 = Release|ARM
		{5AD937D3-1655-400B-8C12-1AADEE45EA46}.Release|x64.ActiveCfg = Release|x64
		{5AD937D3-1655-400B-8C12-1AADEE45EA46}.Release|x64.Build.0 = Release|x64
		{5AD937D3-1655-400B-8C12-1AADEE45EA46}.Release|x86.ActiveCfg = Release|x86
		{5AD937D3-1655-400B-8C12-1AADEE45EA46}.Release|x86.Build.0 = Release|x86
	EndGlobalSection
	GlobalSection(SolutionProperties) = preSolution
		HideSolutionNode = FALSE
	EndGlobalSection
EndGlobal
