
Microsoft Visual Studio Solution File, Format Version 12.00
# Visual Studio 2012
Project("{FAE04EC0-301F-11D3-BF4B-00C04F79EFBC}") = "NET30", "NET30\NET30.csproj", "{6CAAD7BF-F4EB-47DA-B1E7-9B5A851D4363}"
EndProject
Project("{FAE04EC0-301F-11D3-BF4B-00C04F79EFBC}") = "NET35", "NET35\NET35.csproj", "{F3D8E757-7F47-4966-A009-3DDB73846FB0}"
EndProject
Project("{FAE04EC0-301F-11D3-BF4B-00C04F79EFBC}") = "NET40", "NET40\NET40.csproj", "{D23C9D21-82A1-40AA-9D88-0CE44CDAA0A4}"
EndProject
Project("{FAE04EC0-301F-11D3-BF4B-00C04F79EFBC}") = "NET45", "NET45\NET45.csproj", "{F53DC39D-96A2-4F71-87E3-72FBA1D5D27E}"
EndProject
Project("{FAE04EC0-301F-11D3-BF4B-00C04F79EFBC}") = "WinRT8", "WinRT8\WinRT8.csproj", "{84DEC22D-9D7A-431B-94A8-A29A8BD7805F}"
EndProject
Project("{FAE04EC0-301F-11D3-BF4B-00C04F79EFBC}") = "SL40", "SL40\SL40.csproj", "{F2D35967-200A-4AF4-A8D6-AA0ADE065BAF}"
EndProject
Project("{FAE04EC0-301F-11D3-BF4B-00C04F79EFBC}") = "SL50", "SL50\SL50.csproj", "{E6C40A8A-5647-493D-8B00-C42B3F5DB1CD}"
EndProject
Global
	GlobalSection(SolutionConfigurationPlatforms) = preSolution
		Debug|Any CPU = Debug|Any CPU
		Debug|ARM = Debug|ARM
		Debug|x64 = Debug|x64
		Debug|x86 = Debug|x86
		Release|Any CPU = Release|Any CPU
		Release|ARM = Release|ARM
		Release|x64 = Release|x64
		Release|x86 = Release|x86
	EndGlobalSection
	GlobalSection(ProjectConfigurationPlatforms) = postSolution
		{6CAAD7BF-F4EB-47DA-B1E7-9B5A851D4363}.Debug|Any CPU.ActiveCfg = Debug|Any CPU
		{6CAAD7BF-F4EB-47DA-B1E7-9B5A851D4363}.Debug|Any CPU.Build.0 = Debug|Any CPU
		{6CAAD7BF-F4EB-47DA-B1E7-9B5A851D4363}.Debug|ARM.ActiveCfg = Debug|Any CPU
		{6CAAD7BF-F4EB-47DA-B1E7-9B5A851D4363}.Debug|x64.ActiveCfg = Debug|Any CPU
		{6CAAD7BF-F4EB-47DA-B1E7-9B5A851D4363}.Debug|x86.ActiveCfg = Debug|Any CPU
		{6CAAD7BF-F4EB-47DA-B1E7-9B5A851D4363}.Release|Any CPU.ActiveCfg = Release|Any CPU
		{6CAAD7BF-F4EB-47DA-B1E7-9B5A851D4363}.Release|Any CPU.Build.0 = Release|Any CPU
		{6CAAD7BF-F4EB-47DA-B1E7-9B5A851D4363}.Release|ARM.ActiveCfg = Release|Any CPU
		{6CAAD7BF-F4EB-47DA-B1E7-9B5A851D4363}.Release|x64.ActiveCfg = Release|Any CPU
		{6CAAD7BF-F4EB-47DA-B1E7-9B5A851D4363}.Release|x86.ActiveCfg = Release|Any CPU
		{F3D8E757-7F47-4966-A009-3DDB73846FB0}.Debug|Any CPU.ActiveCfg = Debug|Any CPU
		{F3D8E757-7F47-4966-A009-3DDB73846FB0}.Debug|Any CPU.Build.0 = Debug|Any CPU
		{F3D8E757-7F47-4966-A009-3DDB73846FB0}.Debug|ARM.ActiveCfg = Debug|Any CPU
		{F3D8E757-7F47-4966-A009-3DDB73846FB0}.Debug|x64.ActiveCfg = Debug|Any CPU
		{F3D8E757-7F47-4966-A009-3DDB73846FB0}.Debug|x86.ActiveCfg = Debug|Any CPU
		{F3D8E757-7F47-4966-A009-3DDB73846FB0}.Release|Any CPU.ActiveCfg = Release|Any CPU
		{F3D8E757-7F47-4966-A009-3DDB73846FB0}.Release|Any CPU.Build.0 = Release|Any CPU
		{F3D8E757-7F47-4966-A009-3DDB73846FB0}.Release|ARM.ActiveCfg = Release|Any CPU
		{F3D8E757-7F47-4966-A009-3DDB73846FB0}.Release|x64.ActiveCfg = Release|Any CPU
		{F3D8E757-7F47-4966-A009-3DDB73846FB0}.Release|x86.ActiveCfg = Release|Any CPU
		{D23C9D21-82A1-40AA-9D88-0CE44CDAA0A4}.Debug|Any CPU.ActiveCfg = Debug|Any CPU
		{D23C9D21-82A1-40AA-9D88-0CE44CDAA0A4}.Debug|Any CPU.Build.0 = Debug|Any CPU
		{D23C9D21-82A1-40AA-9D88-0CE44CDAA0A4}.Debug|ARM.ActiveCfg = Debug|Any CPU
		{D23C9D21-82A1-40AA-9D88-0CE44CDAA0A4}.Debug|x64.ActiveCfg = Debug|Any CPU
		{D23C9D21-82A1-40AA-9D88-0CE44CDAA0A4}.Debug|x86.ActiveCfg = Debug|Any CPU
		{D23C9D21-82A1-40AA-9D88-0CE44CDAA0A4}.Release|Any CPU.ActiveCfg = Release|Any CPU
		{D23C9D21-82A1-40AA-9D88-0CE44CDAA0A4}.Release|Any CPU.Build.0 = Release|Any CPU
		{D23C9D21-82A1-40AA-9D88-0CE44CDAA0A4}.Release|ARM.ActiveCfg = Release|Any CPU
		{D23C9D21-82A1-40AA-9D88-0CE44CDAA0A4}.Release|x64.ActiveCfg = Release|Any CPU
		{D23C9D21-82A1-40AA-9D88-0CE44CDAA0A4}.Release|x86.ActiveCfg = Release|Any CPU
		{F53DC39D-96A2-4F71-87E3-72FBA1D5D27E}.Debug|Any CPU.ActiveCfg = Debug|Any CPU
		{F53DC39D-96A2-4F71-87E3-72FBA1D5D27E}.Debug|Any CPU.Build.0 = Debug|Any CPU
		{F53DC39D-96A2-4F71-87E3-72FBA1D5D27E}.Debug|ARM.ActiveCfg = Debug|Any CPU
		{F53DC39D-96A2-4F71-87E3-72FBA1D5D27E}.Debug|x64.ActiveCfg = Debug|Any CPU
		{F53DC39D-96A2-4F71-87E3-72FBA1D5D27E}.Debug|x86.ActiveCfg = Debug|Any CPU
		{F53DC39D-96A2-4F71-87E3-72FBA1D5D27E}.Release|Any CPU.ActiveCfg = Release|Any CPU
		{F53DC39D-96A2-4F71-87E3-72FBA1D5D27E}.Release|Any CPU.Build.0 = Release|Any CPU
		{F53DC39D-96A2-4F71-87E3-72FBA1D5D27E}.Release|ARM.ActiveCfg = Release|Any CPU
		{F53DC39D-96A2-4F71-87E3-72FBA1D5D27E}.Release|x64.ActiveCfg = Release|Any CPU
		{F53DC39D-96A2-4F71-87E3-72FBA1D5D27E}.Release|x86.ActiveCfg = Release|Any CPU
		{84DEC22D-9D7A-431B-94A8-A29A8BD7805F}.Debug|Any CPU.ActiveCfg = Debug|Any CPU
		{84DEC22D-9D7A-431B-94A8-A29A8BD7805F}.Debug|Any CPU.Build.0 = Debug|Any CPU
		{84DEC22D-9D7A-431B-94A8-A29A8BD7805F}.Debug|ARM.ActiveCfg = Debug|ARM
		{84DEC22D-9D7A-431B-94A8-A29A8BD7805F}.Debug|ARM.Build.0 = Debug|ARM
		{84DEC22D-9D7A-431B-94A8-A29A8BD7805F}.Debug|x64.ActiveCfg = Debug|x64
		{84DEC22D-9D7A-431B-94A8-A29A8BD7805F}.Debug|x64.Build.0 = Debug|x64
		{84DEC22D-9D7A-431B-94A8-A29A8BD7805F}.Debug|x86.ActiveCfg = Debug|x86
		{84DEC22D-9D7A-431B-94A8-A29A8BD7805F}.Debug|x86.Build.0 = Debug|x86
		{84DEC22D-9D7A-431B-94A8-A29A8BD7805F}.Release|Any CPU.ActiveCfg = Release|Any CPU
		{84DEC22D-9D7A-431B-94A8-A29A8BD7805F}.Release|Any CPU.Build.0 = Release|Any CPU
		{84DEC22D-9D7A-431B-94A8-A29A8BD7805F}.Release|ARM.ActiveCfg = Release|ARM
		{84DEC22D-9D7A-431B-94A8-A29A8BD7805F}.Release|ARM.Build.0 = Release|ARM
		{84DEC22D-9D7A-431B-94A8-A29A8BD7805F}.Release|x64.ActiveCfg = Release|x64
		{84DEC22D-9D7A-431B-94A8-A29A8BD7805F}.Release|x64.Build.0 = Release|x64
		{84DEC22D-9D7A-431B-94A8-A29A8BD7805F}.Release|x86.ActiveCfg = Release|x86
		{84DEC22D-9D7A-431B-94A8-A29A8BD7805F}.Release|x86.Build.0 = Release|x86
		{F2D35967-200A-4AF4-A8D6-AA0ADE065BAF}.Debug|Any CPU.ActiveCfg = Debug|Any CPU
		{F2D35967-200A-4AF4-A8D6-AA0ADE065BAF}.Debug|Any CPU.Build.0 = Debug|Any CPU
		{F2D35967-200A-4AF4-A8D6-AA0ADE065BAF}.Debug|ARM.ActiveCfg = Debug|Any CPU
		{F2D35967-200A-4AF4-A8D6-AA0ADE065BAF}.Debug|x64.ActiveCfg = Debug|Any CPU
		{F2D35967-200A-4AF4-A8D6-AA0ADE065BAF}.Debug|x86.ActiveCfg = Debug|Any CPU
		{F2D35967-200A-4AF4-A8D6-AA0ADE065BAF}.Release|Any CPU.ActiveCfg = Release|Any CPU
		{F2D35967-200A-4AF4-A8D6-AA0ADE065BAF}.Release|Any CPU.Build.0 = Release|Any CPU
		{F2D35967-200A-4AF4-A8D6-AA0ADE065BAF}.Release|ARM.ActiveCfg = Release|Any CPU
		{F2D35967-200A-4AF4-A8D6-AA0ADE065BAF}.Release|x64.ActiveCfg = Release|Any CPU
		{F2D35967-200A-4AF4-A8D6-AA0ADE065BAF}.Release|x86.ActiveCfg = Release|Any CPU
		{E6C40A8A-5647-493D-8B00-C42B3F5DB1CD}.Debug|Any CPU.ActiveCfg = Debug|Any CPU
		{E6C40A8A-5647-493D-8B00-C42B3F5DB1CD}.Debug|Any CPU.Build.0 = Debug|Any CPU
		{E6C40A8A-5647-493D-8B00-C42B3F5DB1CD}.Debug|ARM.ActiveCfg = Debug|Any CPU
		{E6C40A8A-5647-493D-8B00-C42B3F5DB1CD}.Debug|x64.ActiveCfg = Debug|Any CPU
		{E6C40A8A-5647-493D-8B00-C42B3F5DB1CD}.Debug|x86.ActiveCfg = Debug|Any CPU
		{E6C40A8A-5647-493D-8B00-C42B3F5DB1CD}.Release|Any CPU.ActiveCfg = Release|Any CPU
		{E6C40A8A-5647-493D-8B00-C42B3F5DB1CD}.Release|Any CPU.Build.0 = Release|Any CPU
		{E6C40A8A-5647-493D-8B00-C42B3F5DB1CD}.Release|ARM.ActiveCfg = Release|Any CPU
		{E6C40A8A-5647-493D-8B00-C42B3F5DB1CD}.Release|x64.ActiveCfg = Release|Any CPU
		{E6C40A8A-5647-493D-8B00-C42B3F5DB1CD}.Release|x86.ActiveCfg = Release|Any CPU
	EndGlobalSection
	GlobalSection(SolutionProperties) = preSolution
		HideSolutionNode = FALSE
	EndGlobalSection
EndGlobal
